
Microsoft Visual Studio Solution File, Format Version 12.00
# Visual Studio Version 16
VisualStudioVersion = 16.0.31729.503
MinimumVisualStudioVersion = 10.0.40219.1
Project("{FAE04EC0-301F-11D3-BF4B-00C04F79EFBC}") = "EmpDay10.4", "EmpDay10.4\EmpDay10.4.csproj", "{F1765274-861A-48B1-BFE7-F94C7C3CE4D3}"
EndProject
Global
	GlobalSection(SolutionConfigurationPlatforms) = preSolution
		Debug|Any CPU = Debug|Any CPU
		Release|Any CPU = Release|Any CPU
	EndGlobalSection
	GlobalSection(ProjectConfigurationPlatforms) = postSolution
		{F1765274-861A-48B1-BFE7-F94C7C3CE4D3}.Debug|Any CPU.ActiveCfg = Debug|Any CPU
		{F1765274-861A-48B1-BFE7-F94C7C3CE4D3}.Debug|Any CPU.Build.0 = Debug|Any CPU
		{F1765274-861A-48B1-BFE7-F94C7C3CE4D3}.Release|Any CPU.ActiveCfg = Release|Any CPU
		{F1765274-861A-48B1-BFE7-F94C7C3CE4D3}.Release|Any CPU.Build.0 = Release|Any CPU
	EndGlobalSection
	GlobalSection(SolutionProperties) = preSolution
		HideSolutionNode = FALSE
	EndGlobalSection
	GlobalSection(ExtensibilityGlobals) = postSolution
		SolutionGuid = {C0694EA2-2301-4283-87FC-E705E7ED216D}
	EndGlobalSection
EndGlobal
