
Microsoft Visual Studio Solution File, Format Version 12.00
# Visual Studio Version 16
VisualStudioVersion = 16.0.31729.503
MinimumVisualStudioVersion = 10.0.40219.1
Project("{FAE04EC0-301F-11D3-BF4B-00C04F79EFBC}") = "EmpDay10.6", "EmpDay10.6\EmpDay10.6.csproj", "{88BD470B-6684-49AC-9B49-478F1A3D5306}"
EndProject
Global
	GlobalSection(SolutionConfigurationPlatforms) = preSolution
		Debug|Any CPU = Debug|Any CPU
		Release|Any CPU = Release|Any CPU
	EndGlobalSection
	GlobalSection(ProjectConfigurationPlatforms) = postSolution
		{88BD470B-6684-49AC-9B49-478F1A3D5306}.Debug|Any CPU.ActiveCfg = Debug|Any CPU
		{88BD470B-6684-49AC-9B49-478F1A3D5306}.Debug|Any CPU.Build.0 = Debug|Any CPU
		{88BD470B-6684-49AC-9B49-478F1A3D5306}.Release|Any CPU.ActiveCfg = Release|Any CPU
		{88BD470B-6684-49AC-9B49-478F1A3D5306}.Release|Any CPU.Build.0 = Release|Any CPU
	EndGlobalSection
	GlobalSection(SolutionProperties) = preSolution
		HideSolutionNode = FALSE
	EndGlobalSection
	GlobalSection(ExtensibilityGlobals) = postSolution
		SolutionGuid = {BF3DDE1A-BFDA-4CD3-9629-49EB327EEB5F}
	EndGlobalSection
EndGlobal
