
Microsoft Visual Studio Solution File, Format Version 12.00
# Visual Studio Version 16
VisualStudioVersion = 16.0.31729.503
MinimumVisualStudioVersion = 10.0.40219.1
Project("{FAE04EC0-301F-11D3-BF4B-00C04F79EFBC}") = "EmpDay10.8", "EmpDay10.8\EmpDay10.8.csproj", "{BBF0C5A3-BC1C-4FED-AF37-17DD3F7CC73B}"
EndProject
Global
	GlobalSection(SolutionConfigurationPlatforms) = preSolution
		Debug|Any CPU = Debug|Any CPU
		Release|Any CPU = Release|Any CPU
	EndGlobalSection
	GlobalSection(ProjectConfigurationPlatforms) = postSolution
		{BBF0C5A3-BC1C-4FED-AF37-17DD3F7CC73B}.Debug|Any CPU.ActiveCfg = Debug|Any CPU
		{BBF0C5A3-BC1C-4FED-AF37-17DD3F7CC73B}.Debug|Any CPU.Build.0 = Debug|Any CPU
		{BBF0C5A3-BC1C-4FED-AF37-17DD3F7CC73B}.Release|Any CPU.ActiveCfg = Release|Any CPU
		{BBF0C5A3-BC1C-4FED-AF37-17DD3F7CC73B}.Release|Any CPU.Build.0 = Release|Any CPU
	EndGlobalSection
	GlobalSection(SolutionProperties) = preSolution
		HideSolutionNode = FALSE
	EndGlobalSection
	GlobalSection(ExtensibilityGlobals) = postSolution
		SolutionGuid = {0AA0A9A4-D18B-4A17-B524-009BBF508ED1}
	EndGlobalSection
EndGlobal
